# This file is automatically @generated by Cargo.
# It is not intended for manual editing.
version = 4

[[package]]
name = "inkpod-core"
version = "0.1.0"
dependencies = [
 "inkpod-format",
 "inkpod-image",
]

[[package]]
name = "inkpod-ffi"
version = "0.1.0"
dependencies = [
 "inkpod-core",
]

[[package]]
name = "inkpod-format"
version = "0.1.0"
dependencies = [
 "inkpod-image",
]

[[package]]
name = "inkpod-image"
version = "0.1.0"
